
Microsoft Visual Studio Solution File, Format Version 12.00
# Visual Studio Version 17
VisualStudioVersion = 17.11.35222.181
MinimumVisualStudioVersion = 10.0.40219.1
Project("{9A19103F-16F7-4668-BE54-9A1E7A4F7556}") = "AirWaterStore.Web", "AirWaterStore.Web\AirWaterStore.Web.csproj", "{231E43D1-13CF-46FF-B8CC-F6689D39DD59}"
EndProject
Project("{9A19103F-16F7-4668-BE54-9A1E7A4F7556}") = "AirWaterStore.Business", "AirWaterStore.Business\AirWaterStore.Business.csproj", "{19073282-6F35-43D1-A5D2-97CE67952F5F}"
EndProject
Project("{9A19103F-16F7-4668-BE54-9A1E7A4F7556}") = "AirWaterStore.Data", "AirWaterStore.Data\AirWaterStore.Data.csproj", "{0B0E4349-A5FF-4675-BAA5-2380E414C598}"
EndProject
Global
	GlobalSection(SolutionConfigurationPlatforms) = preSolution
		Debug|Any CPU = Debug|Any CPU
		Release|Any CPU = Release|Any CPU
	EndGlobalSection
	GlobalSection(ProjectConfigurationPlatforms) = postSolution
		{231E43D1-13CF-46FF-B8CC-F6689D39DD59}.Debug|Any CPU.ActiveCfg = Debug|Any CPU
		{231E43D1-13CF-46FF-B8CC-F6689D39DD59}.Debug|Any CPU.Build.0 = Debug|Any CPU
		{231E43D1-13CF-46FF-B8CC-F6689D39DD59}.Release|Any CPU.ActiveCfg = Release|Any CPU
		{231E43D1-13CF-46FF-B8CC-F6689D39DD59}.Release|Any CPU.Build.0 = Release|Any CPU
		{19073282-6F35-43D1-A5D2-97CE67952F5F}.Debug|Any CPU.ActiveCfg = Debug|Any CPU
		{19073282-6F35-43D1-A5D2-97CE67952F5F}.Debug|Any CPU.Build.0 = Debug|Any CPU
		{19073282-6F35-43D1-A5D2-97CE67952F5F}.Release|Any CPU.ActiveCfg = Release|Any CPU
		{19073282-6F35-43D1-A5D2-97CE67952F5F}.Release|Any CPU.Build.0 = Release|Any CPU
		{0B0E4349-A5FF-4675-BAA5-2380E414C598}.Debug|Any CPU.ActiveCfg = Debug|Any CPU
		{0B0E4349-A5FF-4675-BAA5-2380E414C598}.Debug|Any CPU.Build.0 = Debug|Any CPU
		{0B0E4349-A5FF-4675-BAA5-2380E414C598}.Release|Any CPU.ActiveCfg = Release|Any CPU
		{0B0E4349-A5FF-4675-BAA5-2380E414C598}.Release|Any CPU.Build.0 = Release|Any CPU
	EndGlobalSection
	GlobalSection(SolutionProperties) = preSolution
		HideSolutionNode = FALSE
	EndGlobalSection
	GlobalSection(ExtensibilityGlobals) = postSolution
		SolutionGuid = {C3112D4F-30F3-46F5-B9EC-B315ACB1AEB6}
	EndGlobalSection
EndGlobal
